
Microsoft Visual Studio Solution File, Format Version 12.00
# Visual Studio Version 17
VisualStudioVersion = 17.9.34607.119
MinimumVisualStudioVersion = 10.0.40219.1
Project("{FAE04EC0-301F-11D3-BF4B-00C04F79EFBC}") = "RazorHotel24InClass", "RazorHotel24InClass\RazorHotel24InClass.csproj", "{B298C1A8-09BD-4344-9907-D89B5AFAF5CA}"
EndProject
Global
	GlobalSection(SolutionConfigurationPlatforms) = preSolution
		Debug|Any CPU = Debug|Any CPU
		Release|Any CPU = Release|Any CPU
	EndGlobalSection
	GlobalSection(ProjectConfigurationPlatforms) = postSolution
		{B298C1A8-09BD-4344-9907-D89B5AFAF5CA}.Debug|Any CPU.ActiveCfg = Debug|Any CPU
		{B298C1A8-09BD-4344-9907-D89B5AFAF5CA}.Debug|Any CPU.Build.0 = Debug|Any CPU
		{B298C1A8-09BD-4344-9907-D89B5AFAF5CA}.Release|Any CPU.ActiveCfg = Release|Any CPU
		{B298C1A8-09BD-4344-9907-D89B5AFAF5CA}.Release|Any CPU.Build.0 = Release|Any CPU
	EndGlobalSection
	GlobalSection(SolutionProperties) = preSolution
		HideSolutionNode = FALSE
	EndGlobalSection
	GlobalSection(ExtensibilityGlobals) = postSolution
		SolutionGuid = {8B179201-13DF-4A4D-8406-86CB3DAD67E4}
	EndGlobalSection
EndGlobal
